
Microsoft Visual Studio Solution File, Format Version 12.00
# Visual Studio Version 16
VisualStudioVersion = 16.0.32602.291
MinimumVisualStudioVersion = 10.0.40219.1
Project("{FAE04EC0-301F-11D3-BF4B-00C04F79EFBC}") = "devopsl2", "devopsl2\devopsl2.csproj", "{8EA74B87-E3DE-4B7F-8461-3A51F34C4F7F}"
EndProject
Project("{FAE04EC0-301F-11D3-BF4B-00C04F79EFBC}") = "TestProject1", "TestProject1\TestProject1.csproj", "{5192D8FF-A6BF-4E35-A723-04306AF2A299}"
EndProject
Global
	GlobalSection(SolutionConfigurationPlatforms) = preSolution
		Debug|Any CPU = Debug|Any CPU
		Release|Any CPU = Release|Any CPU
	EndGlobalSection
	GlobalSection(ProjectConfigurationPlatforms) = postSolution
		{8EA74B87-E3DE-4B7F-8461-3A51F34C4F7F}.Debug|Any CPU.ActiveCfg = Debug|Any CPU
		{8EA74B87-E3DE-4B7F-8461-3A51F34C4F7F}.Debug|Any CPU.Build.0 = Debug|Any CPU
		{8EA74B87-E3DE-4B7F-8461-3A51F34C4F7F}.Release|Any CPU.ActiveCfg = Release|Any CPU
		{8EA74B87-E3DE-4B7F-8461-3A51F34C4F7F}.Release|Any CPU.Build.0 = Release|Any CPU
		{5192D8FF-A6BF-4E35-A723-04306AF2A299}.Debug|Any CPU.ActiveCfg = Debug|Any CPU
		{5192D8FF-A6BF-4E35-A723-04306AF2A299}.Debug|Any CPU.Build.0 = Debug|Any CPU
		{5192D8FF-A6BF-4E35-A723-04306AF2A299}.Release|Any CPU.ActiveCfg = Release|Any CPU
		{5192D8FF-A6BF-4E35-A723-04306AF2A299}.Release|Any CPU.Build.0 = Release|Any CPU
	EndGlobalSection
	GlobalSection(SolutionProperties) = preSolution
		HideSolutionNode = FALSE
	EndGlobalSection
	GlobalSection(ExtensibilityGlobals) = postSolution
		SolutionGuid = {CDE4755B-E4C0-4993-81AA-206720EFE412}
	EndGlobalSection
EndGlobal
